
Microsoft Visual Studio Solution File, Format Version 12.00
# Visual Studio Version 17
VisualStudioVersion = 17.9.34607.119
MinimumVisualStudioVersion = 10.0.40219.1
Project("{9A19103F-16F7-4668-BE54-9A1E7A4F7556}") = "Zaaml.Core.Test", "Core.Test\Zaaml.Core.Test.csproj", "{70584781-A6F0-42D0-8B6D-C421338466A9}"
EndProject
Project("{2150E333-8FDC-42A3-9474-1A3956D46DE8}") = "Lib", "Lib", "{CAF3B76B-61E2-48A2-AC43-FED1A6540B0D}"
EndProject
Project("{9A19103F-16F7-4668-BE54-9A1E7A4F7556}") = "Zaaml.Core", "..\source\Core\Zaaml.Core.csproj", "{BCE6521C-DFFC-46BC-ABB1-CDE57197B05C}"
EndProject
Project("{9A19103F-16F7-4668-BE54-9A1E7A4F7556}") = "Zaaml.Text", "..\source\Text\Zaaml.Text.csproj", "{E2D12AAC-2BDE-4B73-81F5-F73419956D84}"
EndProject
Project("{9A19103F-16F7-4668-BE54-9A1E7A4F7556}") = "Zaaml.Text.Test", "Text.Test\Zaaml.Text.Test.csproj", "{26573116-D0B3-4E0A-B011-E9CED508320D}"
EndProject
Project("{9A19103F-16F7-4668-BE54-9A1E7A4F7556}") = "Zaaml.UI.Test", "UI.Test\Zaaml.UI.Test.csproj", "{21AFAB8A-5566-412E-94D2-66EE11C267D7}"
EndProject
Project("{9A19103F-16F7-4668-BE54-9A1E7A4F7556}") = "Zaaml.Platform", "..\source\Platform\Zaaml.Platform.csproj", "{8089143D-5352-4436-99E1-B33B7803000E}"
EndProject
Project("{9A19103F-16F7-4668-BE54-9A1E7A4F7556}") = "Zaaml.PresentationCore", "..\source\PresentationCore\Zaaml.PresentationCore.csproj", "{F628D8B5-B7D8-4425-9604-37EE4952EDEA}"
EndProject
Project("{9A19103F-16F7-4668-BE54-9A1E7A4F7556}") = "Zaaml.Expressions", "..\source\Expressions\Zaaml.Expressions.csproj", "{037A0617-D09A-4BFA-82CC-AF37544E91A6}"
EndProject
Project("{9A19103F-16F7-4668-BE54-9A1E7A4F7556}") = "Zaaml.UI", "..\source\UI\Zaaml.UI.csproj", "{C4F1B391-30E5-4639-AD31-9A4B68F4AE41}"
EndProject
Project("{9A19103F-16F7-4668-BE54-9A1E7A4F7556}") = "Zaaml.PresentationCore.Test", "PresentationCore.Test\Zaaml.PresentationCore.Test.csproj", "{4B786CDA-C56F-439C-9C9F-D68FE39E7BB6}"
EndProject
Project("{9A19103F-16F7-4668-BE54-9A1E7A4F7556}") = "Zaaml.UI.Docking", "..\source\UI.Docking\Zaaml.UI.Docking.csproj", "{CB01D664-E828-4055-8EEC-A24A9A5331C3}"
EndProject
Project("{2150E333-8FDC-42A3-9474-1A3956D46DE8}") = "Themes", "Themes", "{86FB2E66-6C9E-431B-A3E1-E0E516DE2CA4}"
EndProject
Project("{9A19103F-16F7-4668-BE54-9A1E7A4F7556}") = "Zaaml.Themes.Metro", "..\source\Themes\Metro\Themes.Metro\Zaaml.Themes.Metro.csproj", "{205909FC-6C2C-4EC4-8BAD-D54498F6EEC5}"
EndProject
Project("{9A19103F-16F7-4668-BE54-9A1E7A4F7556}") = "Zaaml.Themes.Metro.UI", "..\source\Themes\Metro\Themes.Metro.UI\Zaaml.Themes.Metro.UI.csproj", "{80B44B40-A69A-43D3-9FA9-812675E838DE}"
EndProject
Project("{9A19103F-16F7-4668-BE54-9A1E7A4F7556}") = "Zaaml.Themes.Metro.UI.Docking", "..\source\Themes\Metro\Themes.Metro.UI.Docking\Zaaml.Themes.Metro.UI.Docking.csproj", "{0D0D2067-B6F0-48A7-9326-66275D5868DF}"
EndProject
Project("{9A19103F-16F7-4668-BE54-9A1E7A4F7556}") = "Zaaml.Themes.Metro.Framework", "..\source\Themes\Metro\Themes.Metro.Framework\Zaaml.Themes.Metro.Framework.csproj", "{56AB1D0C-8450-4269-A70B-2A5DFD480C6D}"
EndProject
Project("{9A19103F-16F7-4668-BE54-9A1E7A4F7556}") = "Zaaml.UI.Spy", "..\source\UI.Spy\Zaaml.UI.Spy.csproj", "{FE7CA89A-F6D3-44B7-84D0-728FC0EBD5EE}"
EndProject
Project("{9A19103F-16F7-4668-BE54-9A1E7A4F7556}") = "Zaaml.UI.Artboard", "..\source\UI.Artboard\Zaaml.UI.Artboard.csproj", "{3F912250-44D2-4160-8656-11DE7C301110}"
EndProject
Project("{9A19103F-16F7-4668-BE54-9A1E7A4F7556}") = "Zaaml.Themes.Metro.UI.Artboard", "..\source\Themes\Metro\Themes.Metro.UI.Artboard\Zaaml.Themes.Metro.UI.Artboard.csproj", "{3AF65EDF-1459-4018-A31C-00F60476BFFF}"
EndProject
Project("{9A19103F-16F7-4668-BE54-9A1E7A4F7556}") = "Zaaml.Themes.Metro.UI.Spy", "..\source\Themes\Metro\Themes.Metro.UI.Spy\Zaaml.Themes.Metro.UI.Spy.csproj", "{59AB3A01-2DC5-4D60-B359-72400790318B}"
EndProject
Project("{9A19103F-16F7-4668-BE54-9A1E7A4F7556}") = "Zaaml.Themes.Metro.UI.PropertyView", "..\source\Themes\Metro\Themes.Metro.UI.PropertyView\Zaaml.Themes.Metro.UI.PropertyView.csproj", "{C2F0AB00-F511-4039-B8CD-E79FAAB6FC00}"
EndProject
Project("{9A19103F-16F7-4668-BE54-9A1E7A4F7556}") = "Zaaml.UI.PropertyView", "..\source\UI.PropertyView\Zaaml.UI.PropertyView.csproj", "{D4D754EA-902D-4E4A-9155-E13BDC314CD3}"
EndProject
Global
	GlobalSection(SolutionConfigurationPlatforms) = preSolution
		Debug|Any CPU = Debug|Any CPU
		DevDebug|Any CPU = DevDebug|Any CPU
		DevRelease|Any CPU = DevRelease|Any CPU
		Release|Any CPU = Release|Any CPU
		Test|Any CPU = Test|Any CPU
	EndGlobalSection
	GlobalSection(ProjectConfigurationPlatforms) = postSolution
		{70584781-A6F0-42D0-8B6D-C421338466A9}.Debug|Any CPU.ActiveCfg = Debug|Any CPU
		{70584781-A6F0-42D0-8B6D-C421338466A9}.Debug|Any CPU.Build.0 = Debug|Any CPU
		{70584781-A6F0-42D0-8B6D-C421338466A9}.DevDebug|Any CPU.ActiveCfg = DevDebug|Any CPU
		{70584781-A6F0-42D0-8B6D-C421338466A9}.DevDebug|Any CPU.Build.0 = DevDebug|Any CPU
		{70584781-A6F0-42D0-8B6D-C421338466A9}.DevRelease|Any CPU.ActiveCfg = DevRelease|Any CPU
		{70584781-A6F0-42D0-8B6D-C421338466A9}.DevRelease|Any CPU.Build.0 = DevRelease|Any CPU
		{70584781-A6F0-42D0-8B6D-C421338466A9}.Release|Any CPU.ActiveCfg = Release|Any CPU
		{70584781-A6F0-42D0-8B6D-C421338466A9}.Release|Any CPU.Build.0 = Release|Any CPU
		{70584781-A6F0-42D0-8B6D-C421338466A9}.Test|Any CPU.ActiveCfg = Test|Any CPU
		{70584781-A6F0-42D0-8B6D-C421338466A9}.Test|Any CPU.Build.0 = Test|Any CPU
		{BCE6521C-DFFC-46BC-ABB1-CDE57197B05C}.Debug|Any CPU.ActiveCfg = Debug|Any CPU
		{BCE6521C-DFFC-46BC-ABB1-CDE57197B05C}.Debug|Any CPU.Build.0 = Debug|Any CPU
		{BCE6521C-DFFC-46BC-ABB1-CDE57197B05C}.DevDebug|Any CPU.ActiveCfg = Debug|Any CPU
		{BCE6521C-DFFC-46BC-ABB1-CDE57197B05C}.DevDebug|Any CPU.Build.0 = Debug|Any CPU
		{BCE6521C-DFFC-46BC-ABB1-CDE57197B05C}.DevRelease|Any CPU.ActiveCfg = Release|Any CPU
		{BCE6521C-DFFC-46BC-ABB1-CDE57197B05C}.DevRelease|Any CPU.Build.0 = Release|Any CPU
		{BCE6521C-DFFC-46BC-ABB1-CDE57197B05C}.Release|Any CPU.ActiveCfg = Release|Any CPU
		{BCE6521C-DFFC-46BC-ABB1-CDE57197B05C}.Release|Any CPU.Build.0 = Release|Any CPU
		{BCE6521C-DFFC-46BC-ABB1-CDE57197B05C}.Test|Any CPU.ActiveCfg = Test|Any CPU
		{BCE6521C-DFFC-46BC-ABB1-CDE57197B05C}.Test|Any CPU.Build.0 = Test|Any CPU
		{E2D12AAC-2BDE-4B73-81F5-F73419956D84}.Debug|Any CPU.ActiveCfg = Debug|Any CPU
		{E2D12AAC-2BDE-4B73-81F5-F73419956D84}.Debug|Any CPU.Build.0 = Debug|Any CPU
		{E2D12AAC-2BDE-4B73-81F5-F73419956D84}.DevDebug|Any CPU.ActiveCfg = Debug|Any CPU
		{E2D12AAC-2BDE-4B73-81F5-F73419956D84}.DevDebug|Any CPU.Build.0 = Debug|Any CPU
		{E2D12AAC-2BDE-4B73-81F5-F73419956D84}.DevRelease|Any CPU.ActiveCfg = Release|Any CPU
		{E2D12AAC-2BDE-4B73-81F5-F73419956D84}.DevRelease|Any CPU.Build.0 = Release|Any CPU
		{E2D12AAC-2BDE-4B73-81F5-F73419956D84}.Release|Any CPU.ActiveCfg = Release|Any CPU
		{E2D12AAC-2BDE-4B73-81F5-F73419956D84}.Release|Any CPU.Build.0 = Release|Any CPU
		{E2D12AAC-2BDE-4B73-81F5-F73419956D84}.Test|Any CPU.ActiveCfg = Test|Any CPU
		{E2D12AAC-2BDE-4B73-81F5-F73419956D84}.Test|Any CPU.Build.0 = Test|Any CPU
		{26573116-D0B3-4E0A-B011-E9CED508320D}.Debug|Any CPU.ActiveCfg = Debug|Any CPU
		{26573116-D0B3-4E0A-B011-E9CED508320D}.Debug|Any CPU.Build.0 = Debug|Any CPU
		{26573116-D0B3-4E0A-B011-E9CED508320D}.DevDebug|Any CPU.ActiveCfg = DevDebug|Any CPU
		{26573116-D0B3-4E0A-B011-E9CED508320D}.DevDebug|Any CPU.Build.0 = DevDebug|Any CPU
		{26573116-D0B3-4E0A-B011-E9CED508320D}.DevRelease|Any CPU.ActiveCfg = DevRelease|Any CPU
		{26573116-D0B3-4E0A-B011-E9CED508320D}.DevRelease|Any CPU.Build.0 = DevRelease|Any CPU
		{26573116-D0B3-4E0A-B011-E9CED508320D}.Release|Any CPU.ActiveCfg = Release|Any CPU
		{26573116-D0B3-4E0A-B011-E9CED508320D}.Release|Any CPU.Build.0 = Release|Any CPU
		{26573116-D0B3-4E0A-B011-E9CED508320D}.Test|Any CPU.ActiveCfg = Test|Any CPU
		{26573116-D0B3-4E0A-B011-E9CED508320D}.Test|Any CPU.Build.0 = Test|Any CPU
		{21AFAB8A-5566-412E-94D2-66EE11C267D7}.Debug|Any CPU.ActiveCfg = Debug|Any CPU
		{21AFAB8A-5566-412E-94D2-66EE11C267D7}.Debug|Any CPU.Build.0 = Debug|Any CPU
		{21AFAB8A-5566-412E-94D2-66EE11C267D7}.DevDebug|Any CPU.ActiveCfg = DevDebug|Any CPU
		{21AFAB8A-5566-412E-94D2-66EE11C267D7}.DevDebug|Any CPU.Build.0 = DevDebug|Any CPU
		{21AFAB8A-5566-412E-94D2-66EE11C267D7}.DevRelease|Any CPU.ActiveCfg = DevRelease|Any CPU
		{21AFAB8A-5566-412E-94D2-66EE11C267D7}.DevRelease|Any CPU.Build.0 = DevRelease|Any CPU
		{21AFAB8A-5566-412E-94D2-66EE11C267D7}.Release|Any CPU.ActiveCfg = Release|Any CPU
		{21AFAB8A-5566-412E-94D2-66EE11C267D7}.Release|Any CPU.Build.0 = Release|Any CPU
		{21AFAB8A-5566-412E-94D2-66EE11C267D7}.Test|Any CPU.ActiveCfg = Test|Any CPU
		{21AFAB8A-5566-412E-94D2-66EE11C267D7}.Test|Any CPU.Build.0 = Test|Any CPU
		{8089143D-5352-4436-99E1-B33B7803000E}.Debug|Any CPU.ActiveCfg = Debug|Any CPU
		{8089143D-5352-4436-99E1-B33B7803000E}.Debug|Any CPU.Build.0 = Debug|Any CPU
		{8089143D-5352-4436-99E1-B33B7803000E}.DevDebug|Any CPU.ActiveCfg = Debug|Any CPU
		{8089143D-5352-4436-99E1-B33B7803000E}.DevDebug|Any CPU.Build.0 = Debug|Any CPU
		{8089143D-5352-4436-99E1-B33B7803000E}.DevRelease|Any CPU.ActiveCfg = Release|Any CPU
		{8089143D-5352-4436-99E1-B33B7803000E}.DevRelease|Any CPU.Build.0 = Release|Any CPU
		{8089143D-5352-4436-99E1-B33B7803000E}.Release|Any CPU.ActiveCfg = Release|Any CPU
		{8089143D-5352-4436-99E1-B33B7803000E}.Release|Any CPU.Build.0 = Release|Any CPU
		{8089143D-5352-4436-99E1-B33B7803000E}.Test|Any CPU.ActiveCfg = Test|Any CPU
		{8089143D-5352-4436-99E1-B33B7803000E}.Test|Any CPU.Build.0 = Test|Any CPU
		{F628D8B5-B7D8-4425-9604-37EE4952EDEA}.Debug|Any CPU.ActiveCfg = Debug|Any CPU
		{F628D8B5-B7D8-4425-9604-37EE4952EDEA}.Debug|Any CPU.Build.0 = Debug|Any CPU
		{F628D8B5-B7D8-4425-9604-37EE4952EDEA}.DevDebug|Any CPU.ActiveCfg = Debug|Any CPU
		{F628D8B5-B7D8-4425-9604-37EE4952EDEA}.DevDebug|Any CPU.Build.0 = Debug|Any CPU
		{F628D8B5-B7D8-4425-9604-37EE4952EDEA}.DevRelease|Any CPU.ActiveCfg = Release|Any CPU
		{F628D8B5-B7D8-4425-9604-37EE4952EDEA}.DevRelease|Any CPU.Build.0 = Release|Any CPU
		{F628D8B5-B7D8-4425-9604-37EE4952EDEA}.Release|Any CPU.ActiveCfg = Release|Any CPU
		{F628D8B5-B7D8-4425-9604-37EE4952EDEA}.Release|Any CPU.Build.0 = Release|Any CPU
		{F628D8B5-B7D8-4425-9604-37EE4952EDEA}.Test|Any CPU.ActiveCfg = Test|Any CPU
		{F628D8B5-B7D8-4425-9604-37EE4952EDEA}.Test|Any CPU.Build.0 = Test|Any CPU
		{037A0617-D09A-4BFA-82CC-AF37544E91A6}.Debug|Any CPU.ActiveCfg = Debug|Any CPU
		{037A0617-D09A-4BFA-82CC-AF37544E91A6}.Debug|Any CPU.Build.0 = Debug|Any CPU
		{037A0617-D09A-4BFA-82CC-AF37544E91A6}.DevDebug|Any CPU.ActiveCfg = Debug|Any CPU
		{037A0617-D09A-4BFA-82CC-AF37544E91A6}.DevDebug|Any CPU.Build.0 = Debug|Any CPU
		{037A0617-D09A-4BFA-82CC-AF37544E91A6}.DevRelease|Any CPU.ActiveCfg = Release|Any CPU
		{037A0617-D09A-4BFA-82CC-AF37544E91A6}.DevRelease|Any CPU.Build.0 = Release|Any CPU
		{037A0617-D09A-4BFA-82CC-AF37544E91A6}.Release|Any CPU.ActiveCfg = Release|Any CPU
		{037A0617-D09A-4BFA-82CC-AF37544E91A6}.Release|Any CPU.Build.0 = Release|Any CPU
		{037A0617-D09A-4BFA-82CC-AF37544E91A6}.Test|Any CPU.ActiveCfg = Test|Any CPU
		{037A0617-D09A-4BFA-82CC-AF37544E91A6}.Test|Any CPU.Build.0 = Test|Any CPU
		{C4F1B391-30E5-4639-AD31-9A4B68F4AE41}.Debug|Any CPU.ActiveCfg = Debug|Any CPU
		{C4F1B391-30E5-4639-AD31-9A4B68F4AE41}.Debug|Any CPU.Build.0 = Debug|Any CPU
		{C4F1B391-30E5-4639-AD31-9A4B68F4AE41}.DevDebug|Any CPU.ActiveCfg = Debug|Any CPU
		{C4F1B391-30E5-4639-AD31-9A4B68F4AE41}.DevDebug|Any CPU.Build.0 = Debug|Any CPU
		{C4F1B391-30E5-4639-AD31-9A4B68F4AE41}.DevRelease|Any CPU.ActiveCfg = Release|Any CPU
		{C4F1B391-30E5-4639-AD31-9A4B68F4AE41}.DevRelease|Any CPU.Build.0 = Release|Any CPU
		{C4F1B391-30E5-4639-AD31-9A4B68F4AE41}.Release|Any CPU.ActiveCfg = Release|Any CPU
		{C4F1B391-30E5-4639-AD31-9A4B68F4AE41}.Release|Any CPU.Build.0 = Release|Any CPU
		{C4F1B391-30E5-4639-AD31-9A4B68F4AE41}.Test|Any CPU.ActiveCfg = Test|Any CPU
		{C4F1B391-30E5-4639-AD31-9A4B68F4AE41}.Test|Any CPU.Build.0 = Test|Any CPU
		{4B786CDA-C56F-439C-9C9F-D68FE39E7BB6}.Debug|Any CPU.ActiveCfg = Debug|Any CPU
		{4B786CDA-C56F-439C-9C9F-D68FE39E7BB6}.Debug|Any CPU.Build.0 = Debug|Any CPU
		{4B786CDA-C56F-439C-9C9F-D68FE39E7BB6}.DevDebug|Any CPU.ActiveCfg = DevDebug|Any CPU
		{4B786CDA-C56F-439C-9C9F-D68FE39E7BB6}.DevDebug|Any CPU.Build.0 = DevDebug|Any CPU
		{4B786CDA-C56F-439C-9C9F-D68FE39E7BB6}.DevRelease|Any CPU.ActiveCfg = DevRelease|Any CPU
		{4B786CDA-C56F-439C-9C9F-D68FE39E7BB6}.DevRelease|Any CPU.Build.0 = DevRelease|Any CPU
		{4B786CDA-C56F-439C-9C9F-D68FE39E7BB6}.Release|Any CPU.ActiveCfg = Release|Any CPU
		{4B786CDA-C56F-439C-9C9F-D68FE39E7BB6}.Release|Any CPU.Build.0 = Release|Any CPU
		{4B786CDA-C56F-439C-9C9F-D68FE39E7BB6}.Test|Any CPU.ActiveCfg = Test|Any CPU
		{4B786CDA-C56F-439C-9C9F-D68FE39E7BB6}.Test|Any CPU.Build.0 = Test|Any CPU
		{CB01D664-E828-4055-8EEC-A24A9A5331C3}.Debug|Any CPU.ActiveCfg = Debug|Any CPU
		{CB01D664-E828-4055-8EEC-A24A9A5331C3}.Debug|Any CPU.Build.0 = Debug|Any CPU
		{CB01D664-E828-4055-8EEC-A24A9A5331C3}.DevDebug|Any CPU.ActiveCfg = Debug|Any CPU
		{CB01D664-E828-4055-8EEC-A24A9A5331C3}.DevDebug|Any CPU.Build.0 = Debug|Any CPU
		{CB01D664-E828-4055-8EEC-A24A9A5331C3}.DevRelease|Any CPU.ActiveCfg = Release|Any CPU
		{CB01D664-E828-4055-8EEC-A24A9A5331C3}.DevRelease|Any CPU.Build.0 = Release|Any CPU
		{CB01D664-E828-4055-8EEC-A24A9A5331C3}.Release|Any CPU.ActiveCfg = Release|Any CPU
		{CB01D664-E828-4055-8EEC-A24A9A5331C3}.Release|Any CPU.Build.0 = Release|Any CPU
		{CB01D664-E828-4055-8EEC-A24A9A5331C3}.Test|Any CPU.ActiveCfg = Debug|Any CPU
		{CB01D664-E828-4055-8EEC-A24A9A5331C3}.Test|Any CPU.Build.0 = Debug|Any CPU
		{205909FC-6C2C-4EC4-8BAD-D54498F6EEC5}.Debug|Any CPU.ActiveCfg = Debug|Any CPU
		{205909FC-6C2C-4EC4-8BAD-D54498F6EEC5}.Debug|Any CPU.Build.0 = Debug|Any CPU
		{205909FC-6C2C-4EC4-8BAD-D54498F6EEC5}.DevDebug|Any CPU.ActiveCfg = Debug|Any CPU
		{205909FC-6C2C-4EC4-8BAD-D54498F6EEC5}.DevDebug|Any CPU.Build.0 = Debug|Any CPU
		{205909FC-6C2C-4EC4-8BAD-D54498F6EEC5}.DevRelease|Any CPU.ActiveCfg = Release|Any CPU
		{205909FC-6C2C-4EC4-8BAD-D54498F6EEC5}.DevRelease|Any CPU.Build.0 = Release|Any CPU
		{205909FC-6C2C-4EC4-8BAD-D54498F6EEC5}.Release|Any CPU.ActiveCfg = Release|Any CPU
		{205909FC-6C2C-4EC4-8BAD-D54498F6EEC5}.Release|Any CPU.Build.0 = Release|Any CPU
		{205909FC-6C2C-4EC4-8BAD-D54498F6EEC5}.Test|Any CPU.ActiveCfg = Debug|Any CPU
		{205909FC-6C2C-4EC4-8BAD-D54498F6EEC5}.Test|Any CPU.Build.0 = Debug|Any CPU
		{80B44B40-A69A-43D3-9FA9-812675E838DE}.Debug|Any CPU.ActiveCfg = Debug|Any CPU
		{80B44B40-A69A-43D3-9FA9-812675E838DE}.Debug|Any CPU.Build.0 = Debug|Any CPU
		{80B44B40-A69A-43D3-9FA9-812675E838DE}.DevDebug|Any CPU.ActiveCfg = Debug|Any CPU
		{80B44B40-A69A-43D3-9FA9-812675E838DE}.DevDebug|Any CPU.Build.0 = Debug|Any CPU
		{80B44B40-A69A-43D3-9FA9-812675E838DE}.DevRelease|Any CPU.ActiveCfg = Release|Any CPU
		{80B44B40-A69A-43D3-9FA9-812675E838DE}.DevRelease|Any CPU.Build.0 = Release|Any CPU
		{80B44B40-A69A-43D3-9FA9-812675E838DE}.Release|Any CPU.ActiveCfg = Release|Any CPU
		{80B44B40-A69A-43D3-9FA9-812675E838DE}.Release|Any CPU.Build.0 = Release|Any CPU
		{80B44B40-A69A-43D3-9FA9-812675E838DE}.Test|Any CPU.ActiveCfg = Debug|Any CPU
		{80B44B40-A69A-43D3-9FA9-812675E838DE}.Test|Any CPU.Build.0 = Debug|Any CPU
		{0D0D2067-B6F0-48A7-9326-66275D5868DF}.Debug|Any CPU.ActiveCfg = Debug|Any CPU
		{0D0D2067-B6F0-48A7-9326-66275D5868DF}.Debug|Any CPU.Build.0 = Debug|Any CPU
		{0D0D2067-B6F0-48A7-9326-66275D5868DF}.DevDebug|Any CPU.ActiveCfg = Debug|Any CPU
		{0D0D2067-B6F0-48A7-9326-66275D5868DF}.DevDebug|Any CPU.Build.0 = Debug|Any CPU
		{0D0D2067-B6F0-48A7-9326-66275D5868DF}.DevRelease|Any CPU.ActiveCfg = Release|Any CPU
		{0D0D2067-B6F0-48A7-9326-66275D5868DF}.DevRelease|Any CPU.Build.0 = Release|Any CPU
		{0D0D2067-B6F0-48A7-9326-66275D5868DF}.Release|Any CPU.ActiveCfg = Release|Any CPU
		{0D0D2067-B6F0-48A7-9326-66275D5868DF}.Release|Any CPU.Build.0 = Release|Any CPU
		{0D0D2067-B6F0-48A7-9326-66275D5868DF}.Test|Any CPU.ActiveCfg = Debug|Any CPU
		{0D0D2067-B6F0-48A7-9326-66275D5868DF}.Test|Any CPU.Build.0 = Debug|Any CPU
		{56AB1D0C-8450-4269-A70B-2A5DFD480C6D}.Debug|Any CPU.ActiveCfg = Debug|Any CPU
		{56AB1D0C-8450-4269-A70B-2A5DFD480C6D}.Debug|Any CPU.Build.0 = Debug|Any CPU
		{56AB1D0C-8450-4269-A70B-2A5DFD480C6D}.DevDebug|Any CPU.ActiveCfg = Debug|Any CPU
		{56AB1D0C-8450-4269-A70B-2A5DFD480C6D}.DevDebug|Any CPU.Build.0 = Debug|Any CPU
		{56AB1D0C-8450-4269-A70B-2A5DFD480C6D}.DevRelease|Any CPU.ActiveCfg = Release|Any CPU
		{56AB1D0C-8450-4269-A70B-2A5DFD480C6D}.DevRelease|Any CPU.Build.0 = Release|Any CPU
		{56AB1D0C-8450-4269-A70B-2A5DFD480C6D}.Release|Any CPU.ActiveCfg = Release|Any CPU
		{56AB1D0C-8450-4269-A70B-2A5DFD480C6D}.Release|Any CPU.Build.0 = Release|Any CPU
		{56AB1D0C-8450-4269-A70B-2A5DFD480C6D}.Test|Any CPU.ActiveCfg = Debug|Any CPU
		{56AB1D0C-8450-4269-A70B-2A5DFD480C6D}.Test|Any CPU.Build.0 = Debug|Any CPU
		{FE7CA89A-F6D3-44B7-84D0-728FC0EBD5EE}.Debug|Any CPU.ActiveCfg = Debug|Any CPU
		{FE7CA89A-F6D3-44B7-84D0-728FC0EBD5EE}.Debug|Any CPU.Build.0 = Debug|Any CPU
		{FE7CA89A-F6D3-44B7-84D0-728FC0EBD5EE}.DevDebug|Any CPU.ActiveCfg = Debug|Any CPU
		{FE7CA89A-F6D3-44B7-84D0-728FC0EBD5EE}.DevDebug|Any CPU.Build.0 = Debug|Any CPU
		{FE7CA89A-F6D3-44B7-84D0-728FC0EBD5EE}.DevRelease|Any CPU.ActiveCfg = Release|Any CPU
		{FE7CA89A-F6D3-44B7-84D0-728FC0EBD5EE}.DevRelease|Any CPU.Build.0 = Release|Any CPU
		{FE7CA89A-F6D3-44B7-84D0-728FC0EBD5EE}.Release|Any CPU.ActiveCfg = Release|Any CPU
		{FE7CA89A-F6D3-44B7-84D0-728FC0EBD5EE}.Release|Any CPU.Build.0 = Release|Any CPU
		{FE7CA89A-F6D3-44B7-84D0-728FC0EBD5EE}.Test|Any CPU.ActiveCfg = Debug|Any CPU
		{FE7CA89A-F6D3-44B7-84D0-728FC0EBD5EE}.Test|Any CPU.Build.0 = Debug|Any CPU
		{3F912250-44D2-4160-8656-11DE7C301110}.Debug|Any CPU.ActiveCfg = Debug|Any CPU
		{3F912250-44D2-4160-8656-11DE7C301110}.Debug|Any CPU.Build.0 = Debug|Any CPU
		{3F912250-44D2-4160-8656-11DE7C301110}.DevDebug|Any CPU.ActiveCfg = Debug|Any CPU
		{3F912250-44D2-4160-8656-11DE7C301110}.DevDebug|Any CPU.Build.0 = Debug|Any CPU
		{3F912250-44D2-4160-8656-11DE7C301110}.DevRelease|Any CPU.ActiveCfg = Release|Any CPU
		{3F912250-44D2-4160-8656-11DE7C301110}.DevRelease|Any CPU.Build.0 = Release|Any CPU
		{3F912250-44D2-4160-8656-11DE7C301110}.Release|Any CPU.ActiveCfg = Release|Any CPU
		{3F912250-44D2-4160-8656-11DE7C301110}.Release|Any CPU.Build.0 = Release|Any CPU
		{3F912250-44D2-4160-8656-11DE7C301110}.Test|Any CPU.ActiveCfg = Debug|Any CPU
		{3F912250-44D2-4160-8656-11DE7C301110}.Test|Any CPU.Build.0 = Debug|Any CPU
		{3AF65EDF-1459-4018-A31C-00F60476BFFF}.Debug|Any CPU.ActiveCfg = Debug|Any CPU
		{3AF65EDF-1459-4018-A31C-00F60476BFFF}.Debug|Any CPU.Build.0 = Debug|Any CPU
		{3AF65EDF-1459-4018-A31C-00F60476BFFF}.DevDebug|Any CPU.ActiveCfg = Debug|Any CPU
		{3AF65EDF-1459-4018-A31C-00F60476BFFF}.DevDebug|Any CPU.Build.0 = Debug|Any CPU
		{3AF65EDF-1459-4018-A31C-00F60476BFFF}.DevRelease|Any CPU.ActiveCfg = Release|Any CPU
		{3AF65EDF-1459-4018-A31C-00F60476BFFF}.DevRelease|Any CPU.Build.0 = Release|Any CPU
		{3AF65EDF-1459-4018-A31C-00F60476BFFF}.Release|Any CPU.ActiveCfg = Release|Any CPU
		{3AF65EDF-1459-4018-A31C-00F60476BFFF}.Release|Any CPU.Build.0 = Release|Any CPU
		{3AF65EDF-1459-4018-A31C-00F60476BFFF}.Test|Any CPU.ActiveCfg = Debug|Any CPU
		{3AF65EDF-1459-4018-A31C-00F60476BFFF}.Test|Any CPU.Build.0 = Debug|Any CPU
		{59AB3A01-2DC5-4D60-B359-72400790318B}.Debug|Any CPU.ActiveCfg = Debug|Any CPU
		{59AB3A01-2DC5-4D60-B359-72400790318B}.Debug|Any CPU.Build.0 = Debug|Any CPU
		{59AB3A01-2DC5-4D60-B359-72400790318B}.DevDebug|Any CPU.ActiveCfg = Debug|Any CPU
		{59AB3A01-2DC5-4D60-B359-72400790318B}.DevDebug|Any CPU.Build.0 = Debug|Any CPU
		{59AB3A01-2DC5-4D60-B359-72400790318B}.DevRelease|Any CPU.ActiveCfg = Release|Any CPU
		{59AB3A01-2DC5-4D60-B359-72400790318B}.DevRelease|Any CPU.Build.0 = Release|Any CPU
		{59AB3A01-2DC5-4D60-B359-72400790318B}.Release|Any CPU.ActiveCfg = Release|Any CPU
		{59AB3A01-2DC5-4D60-B359-72400790318B}.Release|Any CPU.Build.0 = Release|Any CPU
		{59AB3A01-2DC5-4D60-B359-72400790318B}.Test|Any CPU.ActiveCfg = Debug|Any CPU
		{59AB3A01-2DC5-4D60-B359-72400790318B}.Test|Any CPU.Build.0 = Debug|Any CPU
		{C2F0AB00-F511-4039-B8CD-E79FAAB6FC00}.Debug|Any CPU.ActiveCfg = Debug|Any CPU
		{C2F0AB00-F511-4039-B8CD-E79FAAB6FC00}.Debug|Any CPU.Build.0 = Debug|Any CPU
		{C2F0AB00-F511-4039-B8CD-E79FAAB6FC00}.DevDebug|Any CPU.ActiveCfg = Debug|Any CPU
		{C2F0AB00-F511-4039-B8CD-E79FAAB6FC00}.DevDebug|Any CPU.Build.0 = Debug|Any CPU
		{C2F0AB00-F511-4039-B8CD-E79FAAB6FC00}.DevRelease|Any CPU.ActiveCfg = Release|Any CPU
		{C2F0AB00-F511-4039-B8CD-E79FAAB6FC00}.DevRelease|Any CPU.Build.0 = Release|Any CPU
		{C2F0AB00-F511-4039-B8CD-E79FAAB6FC00}.Release|Any CPU.ActiveCfg = Release|Any CPU
		{C2F0AB00-F511-4039-B8CD-E79FAAB6FC00}.Release|Any CPU.Build.0 = Release|Any CPU
		{C2F0AB00-F511-4039-B8CD-E79FAAB6FC00}.Test|Any CPU.ActiveCfg = Debug|Any CPU
		{C2F0AB00-F511-4039-B8CD-E79FAAB6FC00}.Test|Any CPU.Build.0 = Debug|Any CPU
		{D4D754EA-902D-4E4A-9155-E13BDC314CD3}.Debug|Any CPU.ActiveCfg = Debug|Any CPU
		{D4D754EA-902D-4E4A-9155-E13BDC314CD3}.Debug|Any CPU.Build.0 = Debug|Any CPU
		{D4D754EA-902D-4E4A-9155-E13BDC314CD3}.DevDebug|Any CPU.ActiveCfg = Debug|Any CPU
		{D4D754EA-902D-4E4A-9155-E13BDC314CD3}.DevDebug|Any CPU.Build.0 = Debug|Any CPU
		{D4D754EA-902D-4E4A-9155-E13BDC314CD3}.DevRelease|Any CPU.ActiveCfg = Release|Any CPU
		{D4D754EA-902D-4E4A-9155-E13BDC314CD3}.DevRelease|Any CPU.Build.0 = Release|Any CPU
		{D4D754EA-902D-4E4A-9155-E13BDC314CD3}.Release|Any CPU.ActiveCfg = Release|Any CPU
		{D4D754EA-902D-4E4A-9155-E13BDC314CD3}.Release|Any CPU.Build.0 = Release|Any CPU
		{D4D754EA-902D-4E4A-9155-E13BDC314CD3}.Test|Any CPU.ActiveCfg = Debug|Any CPU
		{D4D754EA-902D-4E4A-9155-E13BDC314CD3}.Test|Any CPU.Build.0 = Debug|Any CPU
	EndGlobalSection
	GlobalSection(SolutionProperties) = preSolution
		HideSolutionNode = FALSE
	EndGlobalSection
	GlobalSection(NestedProjects) = preSolution
		{BCE6521C-DFFC-46BC-ABB1-CDE57197B05C} = {CAF3B76B-61E2-48A2-AC43-FED1A6540B0D}
		{E2D12AAC-2BDE-4B73-81F5-F73419956D84} = {CAF3B76B-61E2-48A2-AC43-FED1A6540B0D}
		{8089143D-5352-4436-99E1-B33B7803000E} = {CAF3B76B-61E2-48A2-AC43-FED1A6540B0D}
		{F628D8B5-B7D8-4425-9604-37EE4952EDEA} = {CAF3B76B-61E2-48A2-AC43-FED1A6540B0D}
		{037A0617-D09A-4BFA-82CC-AF37544E91A6} = {CAF3B76B-61E2-48A2-AC43-FED1A6540B0D}
		{C4F1B391-30E5-4639-AD31-9A4B68F4AE41} = {CAF3B76B-61E2-48A2-AC43-FED1A6540B0D}
		{CB01D664-E828-4055-8EEC-A24A9A5331C3} = {CAF3B76B-61E2-48A2-AC43-FED1A6540B0D}
		{86FB2E66-6C9E-431B-A3E1-E0E516DE2CA4} = {CAF3B76B-61E2-48A2-AC43-FED1A6540B0D}
		{205909FC-6C2C-4EC4-8BAD-D54498F6EEC5} = {86FB2E66-6C9E-431B-A3E1-E0E516DE2CA4}
		{80B44B40-A69A-43D3-9FA9-812675E838DE} = {86FB2E66-6C9E-431B-A3E1-E0E516DE2CA4}
		{0D0D2067-B6F0-48A7-9326-66275D5868DF} = {86FB2E66-6C9E-431B-A3E1-E0E516DE2CA4}
		{56AB1D0C-8450-4269-A70B-2A5DFD480C6D} = {86FB2E66-6C9E-431B-A3E1-E0E516DE2CA4}
		{FE7CA89A-F6D3-44B7-84D0-728FC0EBD5EE} = {CAF3B76B-61E2-48A2-AC43-FED1A6540B0D}
		{3F912250-44D2-4160-8656-11DE7C301110} = {CAF3B76B-61E2-48A2-AC43-FED1A6540B0D}
		{3AF65EDF-1459-4018-A31C-00F60476BFFF} = {86FB2E66-6C9E-431B-A3E1-E0E516DE2CA4}
		{59AB3A01-2DC5-4D60-B359-72400790318B} = {86FB2E66-6C9E-431B-A3E1-E0E516DE2CA4}
		{C2F0AB00-F511-4039-B8CD-E79FAAB6FC00} = {86FB2E66-6C9E-431B-A3E1-E0E516DE2CA4}
		{D4D754EA-902D-4E4A-9155-E13BDC314CD3} = {CAF3B76B-61E2-48A2-AC43-FED1A6540B0D}
	EndGlobalSection
	GlobalSection(ExtensibilityGlobals) = postSolution
		SolutionGuid = {EDD980E2-64C3-4C17-8F82-C5564CDC71B0}
	EndGlobalSection
EndGlobal
