
Microsoft Visual Studio Solution File, Format Version 12.00
# Visual Studio Version 17
VisualStudioVersion = 17.9.34607.119
MinimumVisualStudioVersion = 10.0.40219.1
Project("{9A19103F-16F7-4668-BE54-9A1E7A4F7556}") = "Zaaml.Core", "Source\Core\Zaaml.Core.csproj", "{CFADF509-ECB5-423D-B592-51F8C92C5D23}"
EndProject
Project("{9A19103F-16F7-4668-BE54-9A1E7A4F7556}") = "Zaaml.Platform", "Source\Platform\Zaaml.Platform.csproj", "{4A7B43BF-D717-4733-A0C2-5CE5E66A909A}"
EndProject
Project("{9A19103F-16F7-4668-BE54-9A1E7A4F7556}") = "Zaaml.PresentationCore", "Source\PresentationCore\Zaaml.PresentationCore.csproj", "{9DB61D24-3AA7-4516-AFE9-E98C9759DD05}"
EndProject
Project("{9A19103F-16F7-4668-BE54-9A1E7A4F7556}") = "Zaaml.UI", "Source\UI\Zaaml.UI.csproj", "{A417D23B-6DB5-4F44-818C-E1C62318C047}"
EndProject
Project("{9A19103F-16F7-4668-BE54-9A1E7A4F7556}") = "Zaaml.Text", "Source\Text\Zaaml.Text.csproj", "{CE5D7070-C7FC-4E29-B95C-6E8674E664E6}"
EndProject
Project("{9A19103F-16F7-4668-BE54-9A1E7A4F7556}") = "Zaaml.Expressions", "Source\Expressions\Zaaml.Expressions.csproj", "{C72787AA-386E-4D52-872B-AB626D530A0F}"
EndProject
Project("{2150E333-8FDC-42A3-9474-1A3956D46DE8}") = "Themes", "Themes", "{F282F30F-E2EF-43FC-870E-AF5FB86C4E4D}"
EndProject
Project("{9A19103F-16F7-4668-BE54-9A1E7A4F7556}") = "Zaaml.Themes.Metro.UI.Docking", "Source\Themes\Metro\Themes.Metro.UI.Docking\Zaaml.Themes.Metro.UI.Docking.csproj", "{6A7CCC34-E270-46D0-A9AF-EF5B73801E6D}"
EndProject
Project("{9A19103F-16F7-4668-BE54-9A1E7A4F7556}") = "Zaaml.Themes.Metro.Framework", "Source\Themes\Metro\Themes.Metro.Framework\Zaaml.Themes.Metro.Framework.csproj", "{0092ECFF-D803-419F-B917-41674C5AC965}"
EndProject
Project("{9A19103F-16F7-4668-BE54-9A1E7A4F7556}") = "Zaaml.Themes.Metro", "Source\Themes\Metro\Themes.Metro\Zaaml.Themes.Metro.csproj", "{52F8E82F-3B2C-46F4-906D-A6C6CAB7A0D4}"
EndProject
Project("{9A19103F-16F7-4668-BE54-9A1E7A4F7556}") = "Zaaml.Themes.Metro.Build", "Source\Themes\Metro\Themes.Metro.Build\Zaaml.Themes.Metro.Build.csproj", "{3FBAC1C0-C77F-4D52-8CDA-5249AF89C561}"
EndProject
Project("{9A19103F-16F7-4668-BE54-9A1E7A4F7556}") = "Zaaml.Themes.Metro.UI.Ribbon", "Source\Themes\Metro\Themes.Metro.UI.Ribbon\Zaaml.Themes.Metro.UI.Ribbon.csproj", "{546A6664-4F53-413E-9466-69D766C05CAB}"
EndProject
Project("{9A19103F-16F7-4668-BE54-9A1E7A4F7556}") = "Zaaml.Themes.Metro.UI", "Source\Themes\Metro\Themes.Metro.UI\Zaaml.Themes.Metro.UI.csproj", "{70A0312B-FB3B-41C1-980A-7115469E4FF0}"
EndProject
Project("{9A19103F-16F7-4668-BE54-9A1E7A4F7556}") = "Zaaml.UI.Docking", "Source\UI.Docking\Zaaml.UI.Docking.csproj", "{E43AF50F-EB90-4AA6-A5BB-C6687203E69D}"
EndProject
Project("{9A19103F-16F7-4668-BE54-9A1E7A4F7556}") = "Zaaml.UI.Ribbon", "Source\UI.Ribbon\Zaaml.UI.Ribbon.csproj", "{2D4BE3CA-8F6A-4994-84B2-AD2FEEFC09C3}"
EndProject
Project("{9A19103F-16F7-4668-BE54-9A1E7A4F7556}") = "Zaaml.Themes.Metro.UI.Artboard", "Source\Themes\Metro\Themes.Metro.UI.Artboard\Zaaml.Themes.Metro.UI.Artboard.csproj", "{11F6E724-F5D2-4EBC-828C-E3A2A63640D0}"
EndProject
Project("{9A19103F-16F7-4668-BE54-9A1E7A4F7556}") = "Zaaml.UI.Artboard", "Source\UI.Artboard\Zaaml.UI.Artboard.csproj", "{141C4429-5AF4-4616-857E-8D21C41909CB}"
EndProject
Project("{9A19103F-16F7-4668-BE54-9A1E7A4F7556}") = "Zaaml.Themes.Metro.UI.PropertyView", "Source\Themes\Metro\Themes.Metro.UI.PropertyView\Zaaml.Themes.Metro.UI.PropertyView.csproj", "{54802B8D-2F0A-4A29-BA3B-F693DC890F04}"
EndProject
Project("{9A19103F-16F7-4668-BE54-9A1E7A4F7556}") = "Zaaml.UI.PropertyView", "Source\UI.PropertyView\Zaaml.UI.PropertyView.csproj", "{56449971-4A31-43E5-BCFF-9EC03A044941}"
EndProject
Project("{2150E333-8FDC-42A3-9474-1A3956D46DE8}") = "Core", "Core", "{CDF2A327-1007-4255-A559-573FD64D9D55}"
EndProject
Project("{2150E333-8FDC-42A3-9474-1A3956D46DE8}") = "UI", "UI", "{26ACD99B-AE81-485F-8538-D7172D6F01C7}"
EndProject
Project("{9A19103F-16F7-4668-BE54-9A1E7A4F7556}") = "Zaaml.UI.Navigation", "source\UI.Navigation\Zaaml.UI.Navigation.csproj", "{B504E54A-9C94-4978-A269-3B5F39EAEF28}"
EndProject
Project("{9A19103F-16F7-4668-BE54-9A1E7A4F7556}") = "Zaaml.Themes.Metro.UI.Navigation", "source\Themes\Metro\Themes.Metro.UI.Navigation\Zaaml.Themes.Metro.UI.Navigation.csproj", "{F6B4F5F9-5801-456C-BE61-D92209D3C361}"
EndProject
Project("{9A19103F-16F7-4668-BE54-9A1E7A4F7556}") = "Zaaml.UI.Icons", "source\UI.Icons\Zaaml.UI.Icons.csproj", "{BE3031CF-8841-4CC5-9B32-2810FBD01DE5}"
EndProject
Project("{9A19103F-16F7-4668-BE54-9A1E7A4F7556}") = "Zaaml.UI.Spy", "source\UI.Spy\Zaaml.UI.Spy.csproj", "{E859C606-5158-482E-AFAC-0D70AFBF0491}"
EndProject
Project("{9A19103F-16F7-4668-BE54-9A1E7A4F7556}") = "Zaaml.Themes.Metro.UI.Spy", "source\Themes\Metro\Themes.Metro.UI.Spy\Zaaml.Themes.Metro.UI.Spy.csproj", "{D1AE4DE9-5B99-40E0-BC9E-7DC4287A9E4B}"
EndProject
Project("{2150E333-8FDC-42A3-9474-1A3956D46DE8}") = "Metro", "Metro", "{CDA897AB-A9E5-41A8-A865-51AA5DEEAC8C}"
EndProject
Global
	GlobalSection(SolutionConfigurationPlatforms) = preSolution
		Debug|Any CPU = Debug|Any CPU
		Release|Any CPU = Release|Any CPU
	EndGlobalSection
	GlobalSection(ProjectConfigurationPlatforms) = postSolution
		{CFADF509-ECB5-423D-B592-51F8C92C5D23}.Debug|Any CPU.ActiveCfg = Debug|Any CPU
		{CFADF509-ECB5-423D-B592-51F8C92C5D23}.Debug|Any CPU.Build.0 = Debug|Any CPU
		{CFADF509-ECB5-423D-B592-51F8C92C5D23}.Release|Any CPU.ActiveCfg = Release|Any CPU
		{CFADF509-ECB5-423D-B592-51F8C92C5D23}.Release|Any CPU.Build.0 = Release|Any CPU
		{4A7B43BF-D717-4733-A0C2-5CE5E66A909A}.Debug|Any CPU.ActiveCfg = Debug|Any CPU
		{4A7B43BF-D717-4733-A0C2-5CE5E66A909A}.Debug|Any CPU.Build.0 = Debug|Any CPU
		{4A7B43BF-D717-4733-A0C2-5CE5E66A909A}.Release|Any CPU.ActiveCfg = Release|Any CPU
		{4A7B43BF-D717-4733-A0C2-5CE5E66A909A}.Release|Any CPU.Build.0 = Release|Any CPU
		{9DB61D24-3AA7-4516-AFE9-E98C9759DD05}.Debug|Any CPU.ActiveCfg = Debug|Any CPU
		{9DB61D24-3AA7-4516-AFE9-E98C9759DD05}.Debug|Any CPU.Build.0 = Debug|Any CPU
		{9DB61D24-3AA7-4516-AFE9-E98C9759DD05}.Release|Any CPU.ActiveCfg = Release|Any CPU
		{9DB61D24-3AA7-4516-AFE9-E98C9759DD05}.Release|Any CPU.Build.0 = Release|Any CPU
		{A417D23B-6DB5-4F44-818C-E1C62318C047}.Debug|Any CPU.ActiveCfg = Debug|Any CPU
		{A417D23B-6DB5-4F44-818C-E1C62318C047}.Debug|Any CPU.Build.0 = Debug|Any CPU
		{A417D23B-6DB5-4F44-818C-E1C62318C047}.Release|Any CPU.ActiveCfg = Release|Any CPU
		{A417D23B-6DB5-4F44-818C-E1C62318C047}.Release|Any CPU.Build.0 = Release|Any CPU
		{CE5D7070-C7FC-4E29-B95C-6E8674E664E6}.Debug|Any CPU.ActiveCfg = Debug|Any CPU
		{CE5D7070-C7FC-4E29-B95C-6E8674E664E6}.Debug|Any CPU.Build.0 = Debug|Any CPU
		{CE5D7070-C7FC-4E29-B95C-6E8674E664E6}.Release|Any CPU.ActiveCfg = Release|Any CPU
		{CE5D7070-C7FC-4E29-B95C-6E8674E664E6}.Release|Any CPU.Build.0 = Release|Any CPU
		{C72787AA-386E-4D52-872B-AB626D530A0F}.Debug|Any CPU.ActiveCfg = Debug|Any CPU
		{C72787AA-386E-4D52-872B-AB626D530A0F}.Debug|Any CPU.Build.0 = Debug|Any CPU
		{C72787AA-386E-4D52-872B-AB626D530A0F}.Release|Any CPU.ActiveCfg = Release|Any CPU
		{C72787AA-386E-4D52-872B-AB626D530A0F}.Release|Any CPU.Build.0 = Release|Any CPU
		{6A7CCC34-E270-46D0-A9AF-EF5B73801E6D}.Debug|Any CPU.ActiveCfg = Debug|Any CPU
		{6A7CCC34-E270-46D0-A9AF-EF5B73801E6D}.Debug|Any CPU.Build.0 = Debug|Any CPU
		{6A7CCC34-E270-46D0-A9AF-EF5B73801E6D}.Release|Any CPU.ActiveCfg = Release|Any CPU
		{6A7CCC34-E270-46D0-A9AF-EF5B73801E6D}.Release|Any CPU.Build.0 = Release|Any CPU
		{0092ECFF-D803-419F-B917-41674C5AC965}.Debug|Any CPU.ActiveCfg = Debug|Any CPU
		{0092ECFF-D803-419F-B917-41674C5AC965}.Debug|Any CPU.Build.0 = Debug|Any CPU
		{0092ECFF-D803-419F-B917-41674C5AC965}.Release|Any CPU.ActiveCfg = Release|Any CPU
		{0092ECFF-D803-419F-B917-41674C5AC965}.Release|Any CPU.Build.0 = Release|Any CPU
		{52F8E82F-3B2C-46F4-906D-A6C6CAB7A0D4}.Debug|Any CPU.ActiveCfg = Debug|Any CPU
		{52F8E82F-3B2C-46F4-906D-A6C6CAB7A0D4}.Debug|Any CPU.Build.0 = Debug|Any CPU
		{52F8E82F-3B2C-46F4-906D-A6C6CAB7A0D4}.Release|Any CPU.ActiveCfg = Release|Any CPU
		{52F8E82F-3B2C-46F4-906D-A6C6CAB7A0D4}.Release|Any CPU.Build.0 = Release|Any CPU
		{3FBAC1C0-C77F-4D52-8CDA-5249AF89C561}.Debug|Any CPU.ActiveCfg = Debug|Any CPU
		{3FBAC1C0-C77F-4D52-8CDA-5249AF89C561}.Debug|Any CPU.Build.0 = Debug|Any CPU
		{3FBAC1C0-C77F-4D52-8CDA-5249AF89C561}.Release|Any CPU.ActiveCfg = Release|Any CPU
		{3FBAC1C0-C77F-4D52-8CDA-5249AF89C561}.Release|Any CPU.Build.0 = Release|Any CPU
		{546A6664-4F53-413E-9466-69D766C05CAB}.Debug|Any CPU.ActiveCfg = Debug|Any CPU
		{546A6664-4F53-413E-9466-69D766C05CAB}.Debug|Any CPU.Build.0 = Debug|Any CPU
		{546A6664-4F53-413E-9466-69D766C05CAB}.Release|Any CPU.ActiveCfg = Release|Any CPU
		{546A6664-4F53-413E-9466-69D766C05CAB}.Release|Any CPU.Build.0 = Release|Any CPU
		{70A0312B-FB3B-41C1-980A-7115469E4FF0}.Debug|Any CPU.ActiveCfg = Debug|Any CPU
		{70A0312B-FB3B-41C1-980A-7115469E4FF0}.Debug|Any CPU.Build.0 = Debug|Any CPU
		{70A0312B-FB3B-41C1-980A-7115469E4FF0}.Release|Any CPU.ActiveCfg = Release|Any CPU
		{70A0312B-FB3B-41C1-980A-7115469E4FF0}.Release|Any CPU.Build.0 = Release|Any CPU
		{E43AF50F-EB90-4AA6-A5BB-C6687203E69D}.Debug|Any CPU.ActiveCfg = Debug|Any CPU
		{E43AF50F-EB90-4AA6-A5BB-C6687203E69D}.Debug|Any CPU.Build.0 = Debug|Any CPU
		{E43AF50F-EB90-4AA6-A5BB-C6687203E69D}.Release|Any CPU.ActiveCfg = Release|Any CPU
		{E43AF50F-EB90-4AA6-A5BB-C6687203E69D}.Release|Any CPU.Build.0 = Release|Any CPU
		{2D4BE3CA-8F6A-4994-84B2-AD2FEEFC09C3}.Debug|Any CPU.ActiveCfg = Debug|Any CPU
		{2D4BE3CA-8F6A-4994-84B2-AD2FEEFC09C3}.Debug|Any CPU.Build.0 = Debug|Any CPU
		{2D4BE3CA-8F6A-4994-84B2-AD2FEEFC09C3}.Release|Any CPU.ActiveCfg = Release|Any CPU
		{2D4BE3CA-8F6A-4994-84B2-AD2FEEFC09C3}.Release|Any CPU.Build.0 = Release|Any CPU
		{11F6E724-F5D2-4EBC-828C-E3A2A63640D0}.Debug|Any CPU.ActiveCfg = Debug|Any CPU
		{11F6E724-F5D2-4EBC-828C-E3A2A63640D0}.Debug|Any CPU.Build.0 = Debug|Any CPU
		{11F6E724-F5D2-4EBC-828C-E3A2A63640D0}.Release|Any CPU.ActiveCfg = Release|Any CPU
		{11F6E724-F5D2-4EBC-828C-E3A2A63640D0}.Release|Any CPU.Build.0 = Release|Any CPU
		{141C4429-5AF4-4616-857E-8D21C41909CB}.Debug|Any CPU.ActiveCfg = Debug|Any CPU
		{141C4429-5AF4-4616-857E-8D21C41909CB}.Debug|Any CPU.Build.0 = Debug|Any CPU
		{141C4429-5AF4-4616-857E-8D21C41909CB}.Release|Any CPU.ActiveCfg = Release|Any CPU
		{141C4429-5AF4-4616-857E-8D21C41909CB}.Release|Any CPU.Build.0 = Release|Any CPU
		{54802B8D-2F0A-4A29-BA3B-F693DC890F04}.Debug|Any CPU.ActiveCfg = Debug|Any CPU
		{54802B8D-2F0A-4A29-BA3B-F693DC890F04}.Debug|Any CPU.Build.0 = Debug|Any CPU
		{54802B8D-2F0A-4A29-BA3B-F693DC890F04}.Release|Any CPU.ActiveCfg = Release|Any CPU
		{54802B8D-2F0A-4A29-BA3B-F693DC890F04}.Release|Any CPU.Build.0 = Release|Any CPU
		{56449971-4A31-43E5-BCFF-9EC03A044941}.Debug|Any CPU.ActiveCfg = Debug|Any CPU
		{56449971-4A31-43E5-BCFF-9EC03A044941}.Debug|Any CPU.Build.0 = Debug|Any CPU
		{56449971-4A31-43E5-BCFF-9EC03A044941}.Release|Any CPU.ActiveCfg = Release|Any CPU
		{56449971-4A31-43E5-BCFF-9EC03A044941}.Release|Any CPU.Build.0 = Release|Any CPU
		{B504E54A-9C94-4978-A269-3B5F39EAEF28}.Debug|Any CPU.ActiveCfg = Debug|Any CPU
		{B504E54A-9C94-4978-A269-3B5F39EAEF28}.Debug|Any CPU.Build.0 = Debug|Any CPU
		{B504E54A-9C94-4978-A269-3B5F39EAEF28}.Release|Any CPU.ActiveCfg = Release|Any CPU
		{B504E54A-9C94-4978-A269-3B5F39EAEF28}.Release|Any CPU.Build.0 = Release|Any CPU
		{F6B4F5F9-5801-456C-BE61-D92209D3C361}.Debug|Any CPU.ActiveCfg = Debug|Any CPU
		{F6B4F5F9-5801-456C-BE61-D92209D3C361}.Debug|Any CPU.Build.0 = Debug|Any CPU
		{F6B4F5F9-5801-456C-BE61-D92209D3C361}.Release|Any CPU.ActiveCfg = Release|Any CPU
		{F6B4F5F9-5801-456C-BE61-D92209D3C361}.Release|Any CPU.Build.0 = Release|Any CPU
		{BE3031CF-8841-4CC5-9B32-2810FBD01DE5}.Debug|Any CPU.ActiveCfg = Debug|Any CPU
		{BE3031CF-8841-4CC5-9B32-2810FBD01DE5}.Debug|Any CPU.Build.0 = Debug|Any CPU
		{BE3031CF-8841-4CC5-9B32-2810FBD01DE5}.Release|Any CPU.ActiveCfg = Release|Any CPU
		{BE3031CF-8841-4CC5-9B32-2810FBD01DE5}.Release|Any CPU.Build.0 = Release|Any CPU
		{E859C606-5158-482E-AFAC-0D70AFBF0491}.Debug|Any CPU.ActiveCfg = Debug|Any CPU
		{E859C606-5158-482E-AFAC-0D70AFBF0491}.Debug|Any CPU.Build.0 = Debug|Any CPU
		{E859C606-5158-482E-AFAC-0D70AFBF0491}.Release|Any CPU.ActiveCfg = Release|Any CPU
		{E859C606-5158-482E-AFAC-0D70AFBF0491}.Release|Any CPU.Build.0 = Release|Any CPU
		{D1AE4DE9-5B99-40E0-BC9E-7DC4287A9E4B}.Debug|Any CPU.ActiveCfg = Debug|Any CPU
		{D1AE4DE9-5B99-40E0-BC9E-7DC4287A9E4B}.Debug|Any CPU.Build.0 = Debug|Any CPU
		{D1AE4DE9-5B99-40E0-BC9E-7DC4287A9E4B}.Release|Any CPU.ActiveCfg = Release|Any CPU
		{D1AE4DE9-5B99-40E0-BC9E-7DC4287A9E4B}.Release|Any CPU.Build.0 = Release|Any CPU
	EndGlobalSection
	GlobalSection(SolutionProperties) = preSolution
		HideSolutionNode = FALSE
	EndGlobalSection
	GlobalSection(NestedProjects) = preSolution
		{CFADF509-ECB5-423D-B592-51F8C92C5D23} = {CDF2A327-1007-4255-A559-573FD64D9D55}
		{4A7B43BF-D717-4733-A0C2-5CE5E66A909A} = {CDF2A327-1007-4255-A559-573FD64D9D55}
		{9DB61D24-3AA7-4516-AFE9-E98C9759DD05} = {CDF2A327-1007-4255-A559-573FD64D9D55}
		{A417D23B-6DB5-4F44-818C-E1C62318C047} = {26ACD99B-AE81-485F-8538-D7172D6F01C7}
		{CE5D7070-C7FC-4E29-B95C-6E8674E664E6} = {CDF2A327-1007-4255-A559-573FD64D9D55}
		{C72787AA-386E-4D52-872B-AB626D530A0F} = {CDF2A327-1007-4255-A559-573FD64D9D55}
		{6A7CCC34-E270-46D0-A9AF-EF5B73801E6D} = {CDA897AB-A9E5-41A8-A865-51AA5DEEAC8C}
		{0092ECFF-D803-419F-B917-41674C5AC965} = {CDA897AB-A9E5-41A8-A865-51AA5DEEAC8C}
		{52F8E82F-3B2C-46F4-906D-A6C6CAB7A0D4} = {CDA897AB-A9E5-41A8-A865-51AA5DEEAC8C}
		{3FBAC1C0-C77F-4D52-8CDA-5249AF89C561} = {CDA897AB-A9E5-41A8-A865-51AA5DEEAC8C}
		{546A6664-4F53-413E-9466-69D766C05CAB} = {CDA897AB-A9E5-41A8-A865-51AA5DEEAC8C}
		{70A0312B-FB3B-41C1-980A-7115469E4FF0} = {CDA897AB-A9E5-41A8-A865-51AA5DEEAC8C}
		{E43AF50F-EB90-4AA6-A5BB-C6687203E69D} = {26ACD99B-AE81-485F-8538-D7172D6F01C7}
		{2D4BE3CA-8F6A-4994-84B2-AD2FEEFC09C3} = {26ACD99B-AE81-485F-8538-D7172D6F01C7}
		{11F6E724-F5D2-4EBC-828C-E3A2A63640D0} = {CDA897AB-A9E5-41A8-A865-51AA5DEEAC8C}
		{141C4429-5AF4-4616-857E-8D21C41909CB} = {26ACD99B-AE81-485F-8538-D7172D6F01C7}
		{54802B8D-2F0A-4A29-BA3B-F693DC890F04} = {CDA897AB-A9E5-41A8-A865-51AA5DEEAC8C}
		{56449971-4A31-43E5-BCFF-9EC03A044941} = {26ACD99B-AE81-485F-8538-D7172D6F01C7}
		{B504E54A-9C94-4978-A269-3B5F39EAEF28} = {26ACD99B-AE81-485F-8538-D7172D6F01C7}
		{F6B4F5F9-5801-456C-BE61-D92209D3C361} = {CDA897AB-A9E5-41A8-A865-51AA5DEEAC8C}
		{BE3031CF-8841-4CC5-9B32-2810FBD01DE5} = {26ACD99B-AE81-485F-8538-D7172D6F01C7}
		{E859C606-5158-482E-AFAC-0D70AFBF0491} = {26ACD99B-AE81-485F-8538-D7172D6F01C7}
		{D1AE4DE9-5B99-40E0-BC9E-7DC4287A9E4B} = {CDA897AB-A9E5-41A8-A865-51AA5DEEAC8C}
		{CDA897AB-A9E5-41A8-A865-51AA5DEEAC8C} = {F282F30F-E2EF-43FC-870E-AF5FB86C4E4D}
	EndGlobalSection
	GlobalSection(ExtensibilityGlobals) = postSolution
		SolutionGuid = {549E3FD9-5235-4A78-84D6-12EDBB858BBE}
	EndGlobalSection
EndGlobal
